
Microsoft Visual Studio Solution File, Format Version 12.00
# Visual Studio 14
VisualStudioVersion = 14.0.25420.1
MinimumVisualStudioVersion = 10.0.40219.1
Project("{FAE04EC0-301F-11D3-BF4B-00C04F79EFBC}") = "Voting", "Voting\Voting.csproj", "{BCCB8436-D978-46DD-AB07-1B73480A03B7}"
EndProject
Global
	GlobalSection(SolutionConfigurationPlatforms) = preSolution
		Debug|Any CPU = Debug|Any CPU
		Release|Any CPU = Release|Any CPU
	EndGlobalSection
	GlobalSection(ProjectConfigurationPlatforms) = postSolution
		{BCCB8436-D978-46DD-AB07-1B73480A03B7}.Debug|Any CPU.ActiveCfg = Debug|Any CPU
		{BCCB8436-D978-46DD-AB07-1B73480A03B7}.Debug|Any CPU.Build.0 = Debug|Any CPU
		{BCCB8436-D978-46DD-AB07-1B73480A03B7}.Release|Any CPU.ActiveCfg = Release|Any CPU
		{BCCB8436-D978-46DD-AB07-1B73480A03B7}.Release|Any CPU.Build.0 = Release|Any CPU
	EndGlobalSection
	GlobalSection(SolutionProperties) = preSolution
		HideSolutionNode = FALSE
	EndGlobalSection
EndGlobal
